// !$*UTF8*$!
{
	archiveVersion = 1;
	classes = {
	};
	objectVersion = 60;
	objects = {

/* Begin PBXBuildFile section */
		2245C4372D20F10B006A83BE /* MightFail in Frameworks */ = {isa = PBXBuildFile; productRef = 2245C4362D20F10B006A83BE /* MightFail */; };
		2245C4392D210632006A83BE /* DequeModule in Frameworks */ = {isa = PBXBuildFile; productRef = 2245C4382D210632006A83BE /* DequeModule */; };
		228B58D42A93D0D10014EEF1 /* AsyncCoreBluetoothExampleApp.swift in Sources */ = {isa = PBXBuildFile; fileRef = 228B58D32A93D0D10014EEF1 /* AsyncCoreBluetoothExampleApp.swift */; };
		228B58D62A93D0D10014EEF1 /* ContentView.swift in Sources */ = {isa = PBXBuildFile; fileRef = 228B58D52A93D0D10014EEF1 /* ContentView.swift */; };
		228B58D82A93D0D30014EEF1 /* Assets.xcassets in Resources */ = {isa = PBXBuildFile; fileRef = 228B58D72A93D0D30014EEF1 /* Assets.xcassets */; };
		228B58DC2A93D0D30014EEF1 /* Preview Assets.xcassets in Resources */ = {isa = PBXBuildFile; fileRef = 228B58DB2A93D0D30014EEF1 /* Preview Assets.xcassets */; };
		228B58E62A93D0D30014EEF1 /* AsyncCoreBluetoothExampleTests.swift in Sources */ = {isa = PBXBuildFile; fileRef = 228B58E52A93D0D30014EEF1 /* AsyncCoreBluetoothExampleTests.swift */; };
		228B58F02A93D0D30014EEF1 /* AsyncCoreBluetoothExampleUITests.swift in Sources */ = {isa = PBXBuildFile; fileRef = 228B58EF2A93D0D30014EEF1 /* AsyncCoreBluetoothExampleUITests.swift */; };
		228B58F22A93D0D30014EEF1 /* AsyncCoreBluetoothExampleUITestsLaunchTests.swift in Sources */ = {isa = PBXBuildFile; fileRef = 228B58F12A93D0D30014EEF1 /* AsyncCoreBluetoothExampleUITestsLaunchTests.swift */; };
		228B59002A93D11E0014EEF1 /* AsyncCoreBluetooth in Frameworks */ = {isa = PBXBuildFile; productRef = 228B58FF2A93D11E0014EEF1 /* AsyncCoreBluetooth */; };
		228B59022A9412D60014EEF1 /* ScanningPeripherals.swift in Sources */ = {isa = PBXBuildFile; fileRef = 228B59012A9412D60014EEF1 /* ScanningPeripherals.swift */; };
		228B59042A94139D0014EEF1 /* UUIDs.swift in Sources */ = {isa = PBXBuildFile; fileRef = 228B59032A94139D0014EEF1 /* UUIDs.swift */; };
		228B59062A9418790014EEF1 /* MockPeripheral.swift in Sources */ = {isa = PBXBuildFile; fileRef = 228B59052A9418790014EEF1 /* MockPeripheral.swift */; };
		228B59092A96936A0014EEF1 /* OrderedCollections in Frameworks */ = {isa = PBXBuildFile; productRef = 228B59082A96936A0014EEF1 /* OrderedCollections */; };
		228B590B2A96CACB0014EEF1 /* Storage.swift in Sources */ = {isa = PBXBuildFile; fileRef = 228B590A2A96CACB0014EEF1 /* Storage.swift */; };
		228B590D2A96CE410014EEF1 /* PeripheralListRow.swift in Sources */ = {isa = PBXBuildFile; fileRef = 228B590C2A96CE410014EEF1 /* PeripheralListRow.swift */; };
		228B590F2A96CF380014EEF1 /* SavedPeripherals.swift in Sources */ = {isa = PBXBuildFile; fileRef = 228B590E2A96CF380014EEF1 /* SavedPeripherals.swift */; };
		228B59112A9AAC6A0014EEF1 /* PeripheralView.swift in Sources */ = {isa = PBXBuildFile; fileRef = 228B59102A9AAC6A0014EEF1 /* PeripheralView.swift */; };
/* End PBXBuildFile section */

/* Begin PBXContainerItemProxy section */
		228B58E22A93D0D30014EEF1 /* PBXContainerItemProxy */ = {
			isa = PBXContainerItemProxy;
			containerPortal = 228B58C82A93D0D10014EEF1 /* Project object */;
			proxyType = 1;
			remoteGlobalIDString = 228B58CF2A93D0D10014EEF1;
			remoteInfo = AsyncCoreBluetoothExample;
		};
		228B58EC2A93D0D30014EEF1 /* PBXContainerItemProxy */ = {
			isa = PBXContainerItemProxy;
			containerPortal = 228B58C82A93D0D10014EEF1 /* Project object */;
			proxyType = 1;
			remoteGlobalIDString = 228B58CF2A93D0D10014EEF1;
			remoteInfo = AsyncCoreBluetoothExample;
		};
/* End PBXContainerItemProxy section */

/* Begin PBXFileReference section */
		228B58D02A93D0D10014EEF1 /* AsyncCoreBluetoothExample.app */ = {isa = PBXFileReference; explicitFileType = wrapper.application; includeInIndex = 0; path = AsyncCoreBluetoothExample.app; sourceTree = BUILT_PRODUCTS_DIR; };
		228B58D32A93D0D10014EEF1 /* AsyncCoreBluetoothExampleApp.swift */ = {isa = PBXFileReference; lastKnownFileType = sourcecode.swift; path = AsyncCoreBluetoothExampleApp.swift; sourceTree = "<group>"; };
		228B58D52A93D0D10014EEF1 /* ContentView.swift */ = {isa = PBXFileReference; lastKnownFileType = sourcecode.swift; path = ContentView.swift; sourceTree = "<group>"; };
		228B58D72A93D0D30014EEF1 /* Assets.xcassets */ = {isa = PBXFileReference; lastKnownFileType = folder.assetcatalog; path = Assets.xcassets; sourceTree = "<group>"; };
		228B58D92A93D0D30014EEF1 /* AsyncCoreBluetoothExample.entitlements */ = {isa = PBXFileReference; lastKnownFileType = text.plist.entitlements; path = AsyncCoreBluetoothExample.entitlements; sourceTree = "<group>"; };
		228B58DB2A93D0D30014EEF1 /* Preview Assets.xcassets */ = {isa = PBXFileReference; lastKnownFileType = folder.assetcatalog; path = "Preview Assets.xcassets"; sourceTree = "<group>"; };
		228B58E12A93D0D30014EEF1 /* AsyncCoreBluetoothExampleTests.xctest */ = {isa = PBXFileReference; explicitFileType = wrapper.cfbundle; includeInIndex = 0; path = AsyncCoreBluetoothExampleTests.xctest; sourceTree = BUILT_PRODUCTS_DIR; };
		228B58E52A93D0D30014EEF1 /* AsyncCoreBluetoothExampleTests.swift */ = {isa = PBXFileReference; lastKnownFileType = sourcecode.swift; path = AsyncCoreBluetoothExampleTests.swift; sourceTree = "<group>"; };
		228B58EB2A93D0D30014EEF1 /* AsyncCoreBluetoothExampleUITests.xctest */ = {isa = PBXFileReference; explicitFileType = wrapper.cfbundle; includeInIndex = 0; path = AsyncCoreBluetoothExampleUITests.xctest; sourceTree = BUILT_PRODUCTS_DIR; };
		228B58EF2A93D0D30014EEF1 /* AsyncCoreBluetoothExampleUITests.swift */ = {isa = PBXFileReference; lastKnownFileType = sourcecode.swift; path = AsyncCoreBluetoothExampleUITests.swift; sourceTree = "<group>"; };
		228B58F12A93D0D30014EEF1 /* AsyncCoreBluetoothExampleUITestsLaunchTests.swift */ = {isa = PBXFileReference; lastKnownFileType = sourcecode.swift; path = AsyncCoreBluetoothExampleUITestsLaunchTests.swift; sourceTree = "<group>"; };
		228B59012A9412D60014EEF1 /* ScanningPeripherals.swift */ = {isa = PBXFileReference; fileEncoding = 4; lastKnownFileType = sourcecode.swift; path = ScanningPeripherals.swift; sourceTree = "<group>"; };
		228B59032A94139D0014EEF1 /* UUIDs.swift */ = {isa = PBXFileReference; lastKnownFileType = sourcecode.swift; path = UUIDs.swift; sourceTree = "<group>"; };
		228B59052A9418790014EEF1 /* MockPeripheral.swift */ = {isa = PBXFileReference; lastKnownFileType = sourcecode.swift; path = MockPeripheral.swift; sourceTree = "<group>"; };
		228B590A2A96CACB0014EEF1 /* Storage.swift */ = {isa = PBXFileReference; lastKnownFileType = sourcecode.swift; path = Storage.swift; sourceTree = "<group>"; };
		228B590C2A96CE410014EEF1 /* PeripheralListRow.swift */ = {isa = PBXFileReference; lastKnownFileType = sourcecode.swift; path = PeripheralListRow.swift; sourceTree = "<group>"; };
		228B590E2A96CF380014EEF1 /* SavedPeripherals.swift */ = {isa = PBXFileReference; fileEncoding = 4; lastKnownFileType = sourcecode.swift; path = SavedPeripherals.swift; sourceTree = "<group>"; };
		228B59102A9AAC6A0014EEF1 /* PeripheralView.swift */ = {isa = PBXFileReference; lastKnownFileType = sourcecode.swift; path = PeripheralView.swift; sourceTree = "<group>"; };
/* End PBXFileReference section */

/* Begin PBXFrameworksBuildPhase section */
		228B58CD2A93D0D10014EEF1 /* Frameworks */ = {
			isa = PBXFrameworksBuildPhase;
			buildActionMask = 2147483647;
			files = (
				2245C4372D20F10B006A83BE /* MightFail in Frameworks */,
				2245C4392D210632006A83BE /* DequeModule in Frameworks */,
				228B59092A96936A0014EEF1 /* OrderedCollections in Frameworks */,
				228B59002A93D11E0014EEF1 /* AsyncCoreBluetooth in Frameworks */,
			);
			runOnlyForDeploymentPostprocessing = 0;
		};
		228B58DE2A93D0D30014EEF1 /* Frameworks */ = {
			isa = PBXFrameworksBuildPhase;
			buildActionMask = 2147483647;
			files = (
			);
			runOnlyForDeploymentPostprocessing = 0;
		};
		228B58E82A93D0D30014EEF1 /* Frameworks */ = {
			isa = PBXFrameworksBuildPhase;
			buildActionMask = 2147483647;
			files = (
			);
			runOnlyForDeploymentPostprocessing = 0;
		};
/* End PBXFrameworksBuildPhase section */

/* Begin PBXGroup section */
		228B58C72A93D0D10014EEF1 = {
			isa = PBXGroup;
			children = (
				228B58D22A93D0D10014EEF1 /* AsyncCoreBluetoothExample */,
				228B58E42A93D0D30014EEF1 /* AsyncCoreBluetoothExampleTests */,
				228B58EE2A93D0D30014EEF1 /* AsyncCoreBluetoothExampleUITests */,
				228B58D12A93D0D10014EEF1 /* Products */,
			);
			sourceTree = "<group>";
		};
		228B58D12A93D0D10014EEF1 /* Products */ = {
			isa = PBXGroup;
			children = (
				228B58D02A93D0D10014EEF1 /* AsyncCoreBluetoothExample.app */,
				228B58E12A93D0D30014EEF1 /* AsyncCoreBluetoothExampleTests.xctest */,
				228B58EB2A93D0D30014EEF1 /* AsyncCoreBluetoothExampleUITests.xctest */,
			);
			name = Products;
			sourceTree = "<group>";
		};
		228B58D22A93D0D10014EEF1 /* AsyncCoreBluetoothExample */ = {
			isa = PBXGroup;
			children = (
				228B58D32A93D0D10014EEF1 /* AsyncCoreBluetoothExampleApp.swift */,
				228B58D52A93D0D10014EEF1 /* ContentView.swift */,
				228B59012A9412D60014EEF1 /* ScanningPeripherals.swift */,
				228B590E2A96CF380014EEF1 /* SavedPeripherals.swift */,
				228B59102A9AAC6A0014EEF1 /* PeripheralView.swift */,
				228B590C2A96CE410014EEF1 /* PeripheralListRow.swift */,
				228B59032A94139D0014EEF1 /* UUIDs.swift */,
				228B59052A9418790014EEF1 /* MockPeripheral.swift */,
				228B590A2A96CACB0014EEF1 /* Storage.swift */,
				228B58D72A93D0D30014EEF1 /* Assets.xcassets */,
				228B58D92A93D0D30014EEF1 /* AsyncCoreBluetoothExample.entitlements */,
				228B58DA2A93D0D30014EEF1 /* Preview Content */,
			);
			path = AsyncCoreBluetoothExample;
			sourceTree = "<group>";
		};
		228B58DA2A93D0D30014EEF1 /* Preview Content */ = {
			isa = PBXGroup;
			children = (
				228B58DB2A93D0D30014EEF1 /* Preview Assets.xcassets */,
			);
			path = "Preview Content";
			sourceTree = "<group>";
		};
		228B58E42A93D0D30014EEF1 /* AsyncCoreBluetoothExampleTests */ = {
			isa = PBXGroup;
			children = (
				228B58E52A93D0D30014EEF1 /* AsyncCoreBluetoothExampleTests.swift */,
			);
			path = AsyncCoreBluetoothExampleTests;
			sourceTree = "<group>";
		};
		228B58EE2A93D0D30014EEF1 /* AsyncCoreBluetoothExampleUITests */ = {
			isa = PBXGroup;
			children = (
				228B58EF2A93D0D30014EEF1 /* AsyncCoreBluetoothExampleUITests.swift */,
				228B58F12A93D0D30014EEF1 /* AsyncCoreBluetoothExampleUITestsLaunchTests.swift */,
			);
			path = AsyncCoreBluetoothExampleUITests;
			sourceTree = "<group>";
		};
/* End PBXGroup section */

/* Begin PBXNativeTarget section */
		228B58CF2A93D0D10014EEF1 /* AsyncCoreBluetoothExample */ = {
			isa = PBXNativeTarget;
			buildConfigurationList = 228B58F52A93D0D30014EEF1 /* Build configuration list for PBXNativeTarget "AsyncCoreBluetoothExample" */;
			buildPhases = (
				228B58CC2A93D0D10014EEF1 /* Sources */,
				228B58CD2A93D0D10014EEF1 /* Frameworks */,
				228B58CE2A93D0D10014EEF1 /* Resources */,
			);
			buildRules = (
			);
			dependencies = (
			);
			name = AsyncCoreBluetoothExample;
			packageProductDependencies = (
				228B58FF2A93D11E0014EEF1 /* AsyncCoreBluetooth */,
				228B59082A96936A0014EEF1 /* OrderedCollections */,
				2245C4362D20F10B006A83BE /* MightFail */,
				2245C4382D210632006A83BE /* DequeModule */,
			);
			productName = AsyncCoreBluetoothExample;
			productReference = 228B58D02A93D0D10014EEF1 /* AsyncCoreBluetoothExample.app */;
			productType = "com.apple.product-type.application";
		};
		228B58E02A93D0D30014EEF1 /* AsyncCoreBluetoothExampleTests */ = {
			isa = PBXNativeTarget;
			buildConfigurationList = 228B58F82A93D0D30014EEF1 /* Build configuration list for PBXNativeTarget "AsyncCoreBluetoothExampleTests" */;
			buildPhases = (
				228B58DD2A93D0D30014EEF1 /* Sources */,
				228B58DE2A93D0D30014EEF1 /* Frameworks */,
				228B58DF2A93D0D30014EEF1 /* Resources */,
			);
			buildRules = (
			);
			dependencies = (
				228B58E32A93D0D30014EEF1 /* PBXTargetDependency */,
			);
			name = AsyncCoreBluetoothExampleTests;
			productName = AsyncCoreBluetoothExampleTests;
			productReference = 228B58E12A93D0D30014EEF1 /* AsyncCoreBluetoothExampleTests.xctest */;
			productType = "com.apple.product-type.bundle.unit-test";
		};
		228B58EA2A93D0D30014EEF1 /* AsyncCoreBluetoothExampleUITests */ = {
			isa = PBXNativeTarget;
			buildConfigurationList = 228B58FB2A93D0D30014EEF1 /* Build configuration list for PBXNativeTarget "AsyncCoreBluetoothExampleUITests" */;
			buildPhases = (
				228B58E72A93D0D30014EEF1 /* Sources */,
				228B58E82A93D0D30014EEF1 /* Frameworks */,
				228B58E92A93D0D30014EEF1 /* Resources */,
			);
			buildRules = (
			);
			dependencies = (
				228B58ED2A93D0D30014EEF1 /* PBXTargetDependency */,
			);
			name = AsyncCoreBluetoothExampleUITests;
			productName = AsyncCoreBluetoothExampleUITests;
			productReference = 228B58EB2A93D0D30014EEF1 /* AsyncCoreBluetoothExampleUITests.xctest */;
			productType = "com.apple.product-type.bundle.ui-testing";
		};
/* End PBXNativeTarget section */

/* Begin PBXProject section */
		228B58C82A93D0D10014EEF1 /* Project object */ = {
			isa = PBXProject;
			attributes = {
				BuildIndependentTargetsInParallel = 1;
				LastSwiftUpdateCheck = 1500;
				LastUpgradeCheck = 1610;
				TargetAttributes = {
					228B58CF2A93D0D10014EEF1 = {
						CreatedOnToolsVersion = 15.0;
					};
					228B58E02A93D0D30014EEF1 = {
						CreatedOnToolsVersion = 15.0;
						TestTargetID = 228B58CF2A93D0D10014EEF1;
					};
					228B58EA2A93D0D30014EEF1 = {
						CreatedOnToolsVersion = 15.0;
						TestTargetID = 228B58CF2A93D0D10014EEF1;
					};
				};
			};
			buildConfigurationList = 228B58CB2A93D0D10014EEF1 /* Build configuration list for PBXProject "AsyncCoreBluetoothExample" */;
			compatibilityVersion = "Xcode 14.0";
			developmentRegion = en;
			hasScannedForEncodings = 0;
			knownRegions = (
				en,
				Base,
			);
			mainGroup = 228B58C72A93D0D10014EEF1;
			packageReferences = (
				228B58FE2A93D11E0014EEF1 /* XCLocalSwiftPackageReference "../AsyncCoreBluetooth" */,
				228B59072A96936A0014EEF1 /* XCRemoteSwiftPackageReference "swift-collections" */,
				2245C4352D20F104006A83BE /* XCRemoteSwiftPackageReference "swift-might-fail" */,
			);
			productRefGroup = 228B58D12A93D0D10014EEF1 /* Products */;
			projectDirPath = "";
			projectRoot = "";
			targets = (
				228B58CF2A93D0D10014EEF1 /* AsyncCoreBluetoothExample */,
				228B58E02A93D0D30014EEF1 /* AsyncCoreBluetoothExampleTests */,
				228B58EA2A93D0D30014EEF1 /* AsyncCoreBluetoothExampleUITests */,
			);
		};
/* End PBXProject section */

/* Begin PBXResourcesBuildPhase section */
		228B58CE2A93D0D10014EEF1 /* Resources */ = {
			isa = PBXResourcesBuildPhase;
			buildActionMask = 2147483647;
			files = (
				228B58DC2A93D0D30014EEF1 /* Preview Assets.xcassets in Resources */,
				228B58D82A93D0D30014EEF1 /* Assets.xcassets in Resources */,
			);
			runOnlyForDeploymentPostprocessing = 0;
		};
		228B58DF2A93D0D30014EEF1 /* Resources */ = {
			isa = PBXResourcesBuildPhase;
			buildActionMask = 2147483647;
			files = (
			);
			runOnlyForDeploymentPostprocessing = 0;
		};
		228B58E92A93D0D30014EEF1 /* Resources */ = {
			isa = PBXResourcesBuildPhase;
			buildActionMask = 2147483647;
			files = (
			);
			runOnlyForDeploymentPostprocessing = 0;
		};
/* End PBXResourcesBuildPhase section */

/* Begin PBXSourcesBuildPhase section */
		228B58CC2A93D0D10014EEF1 /* Sources */ = {
			isa = PBXSourcesBuildPhase;
			buildActionMask = 2147483647;
			files = (
				228B59062A9418790014EEF1 /* MockPeripheral.swift in Sources */,
				228B59042A94139D0014EEF1 /* UUIDs.swift in Sources */,
				228B59022A9412D60014EEF1 /* ScanningPeripherals.swift in Sources */,
				228B590F2A96CF380014EEF1 /* SavedPeripherals.swift in Sources */,
				228B590D2A96CE410014EEF1 /* PeripheralListRow.swift in Sources */,
				228B58D62A93D0D10014EEF1 /* ContentView.swift in Sources */,
				228B58D42A93D0D10014EEF1 /* AsyncCoreBluetoothExampleApp.swift in Sources */,
				228B590B2A96CACB0014EEF1 /* Storage.swift in Sources */,
				228B59112A9AAC6A0014EEF1 /* PeripheralView.swift in Sources */,
			);
			runOnlyForDeploymentPostprocessing = 0;
		};
		228B58DD2A93D0D30014EEF1 /* Sources */ = {
			isa = PBXSourcesBuildPhase;
			buildActionMask = 2147483647;
			files = (
				228B58E62A93D0D30014EEF1 /* AsyncCoreBluetoothExampleTests.swift in Sources */,
			);
			runOnlyForDeploymentPostprocessing = 0;
		};
		228B58E72A93D0D30014EEF1 /* Sources */ = {
			isa = PBXSourcesBuildPhase;
			buildActionMask = 2147483647;
			files = (
				228B58F22A93D0D30014EEF1 /* AsyncCoreBluetoothExampleUITestsLaunchTests.swift in Sources */,
				228B58F02A93D0D30014EEF1 /* AsyncCoreBluetoothExampleUITests.swift in Sources */,
			);
			runOnlyForDeploymentPostprocessing = 0;
		};
/* End PBXSourcesBuildPhase section */

/* Begin PBXTargetDependency section */
		228B58E32A93D0D30014EEF1 /* PBXTargetDependency */ = {
			isa = PBXTargetDependency;
			target = 228B58CF2A93D0D10014EEF1 /* AsyncCoreBluetoothExample */;
			targetProxy = 228B58E22A93D0D30014EEF1 /* PBXContainerItemProxy */;
		};
		228B58ED2A93D0D30014EEF1 /* PBXTargetDependency */ = {
			isa = PBXTargetDependency;
			target = 228B58CF2A93D0D10014EEF1 /* AsyncCoreBluetoothExample */;
			targetProxy = 228B58EC2A93D0D30014EEF1 /* PBXContainerItemProxy */;
		};
/* End PBXTargetDependency section */

/* Begin XCBuildConfiguration section */
		228B58F32A93D0D30014EEF1 /* Debug */ = {
			isa = XCBuildConfiguration;
			buildSettings = {
				ALWAYS_SEARCH_USER_PATHS = NO;
				ASSETCATALOG_COMPILER_GENERATE_SWIFT_ASSET_SYMBOL_EXTENSIONS = YES;
				CLANG_ANALYZER_NONNULL = YES;
				CLANG_ANALYZER_NUMBER_OBJECT_CONVERSION = YES_AGGRESSIVE;
				CLANG_CXX_LANGUAGE_STANDARD = "gnu++20";
				CLANG_ENABLE_MODULES = YES;
				CLANG_ENABLE_OBJC_ARC = YES;
				CLANG_ENABLE_OBJC_WEAK = YES;
				CLANG_WARN_BLOCK_CAPTURE_AUTORELEASING = YES;
				CLANG_WARN_BOOL_CONVERSION = YES;
				CLANG_WARN_COMMA = YES;
				CLANG_WARN_CONSTANT_CONVERSION = YES;
				CLANG_WARN_DEPRECATED_OBJC_IMPLEMENTATIONS = YES;
				CLANG_WARN_DIRECT_OBJC_ISA_USAGE = YES_ERROR;
				CLANG_WARN_DOCUMENTATION_COMMENTS = YES;
				CLANG_WARN_EMPTY_BODY = YES;
				CLANG_WARN_ENUM_CONVERSION = YES;
				CLANG_WARN_INFINITE_RECURSION = YES;
				CLANG_WARN_INT_CONVERSION = YES;
				CLANG_WARN_NON_LITERAL_NULL_CONVERSION = YES;
				CLANG_WARN_OBJC_IMPLICIT_RETAIN_SELF = YES;
				CLANG_WARN_OBJC_LITERAL_CONVERSION = YES;
				CLANG_WARN_OBJC_ROOT_CLASS = YES_ERROR;
				CLANG_WARN_QUOTED_INCLUDE_IN_FRAMEWORK_HEADER = YES;
				CLANG_WARN_RANGE_LOOP_ANALYSIS = YES;
				CLANG_WARN_STRICT_PROTOTYPES = YES;
				CLANG_WARN_SUSPICIOUS_MOVE = YES;
				CLANG_WARN_UNGUARDED_AVAILABILITY = YES_AGGRESSIVE;
				CLANG_WARN_UNREACHABLE_CODE = YES;
				CLANG_WARN__DUPLICATE_METHOD_MATCH = YES;
				COPY_PHASE_STRIP = NO;
				DEAD_CODE_STRIPPING = YES;
				DEBUG_INFORMATION_FORMAT = dwarf;
				ENABLE_STRICT_OBJC_MSGSEND = YES;
				ENABLE_TESTABILITY = YES;
				ENABLE_USER_SCRIPT_SANDBOXING = YES;
				GCC_C_LANGUAGE_STANDARD = gnu17;
				GCC_DYNAMIC_NO_PIC = NO;
				GCC_NO_COMMON_BLOCKS = YES;
				GCC_OPTIMIZATION_LEVEL = 0;
				GCC_PREPROCESSOR_DEFINITIONS = (
					"DEBUG=1",
					"$(inherited)",
				);
				GCC_WARN_64_TO_32_BIT_CONVERSION = YES;
				GCC_WARN_ABOUT_RETURN_TYPE = YES_ERROR;
				GCC_WARN_UNDECLARED_SELECTOR = YES;
				GCC_WARN_UNINITIALIZED_AUTOS = YES_AGGRESSIVE;
				GCC_WARN_UNUSED_FUNCTION = YES;
				GCC_WARN_UNUSED_VARIABLE = YES;
				IPHONEOS_DEPLOYMENT_TARGET = 18.0;
				LOCALIZATION_PREFERS_STRING_CATALOGS = YES;
				MTL_ENABLE_DEBUG_INFO = INCLUDE_SOURCE;
				MTL_FAST_MATH = YES;
				ONLY_ACTIVE_ARCH = YES;
				SWIFT_ACTIVE_COMPILATION_CONDITIONS = "DEBUG $(inherited)";
				SWIFT_OPTIMIZATION_LEVEL = "-Onone";
			};
			name = Debug;
		};
		228B58F42A93D0D30014EEF1 /* Release */ = {
			isa = XCBuildConfiguration;
			buildSettings = {
				ALWAYS_SEARCH_USER_PATHS = NO;
				ASSETCATALOG_COMPILER_GENERATE_SWIFT_ASSET_SYMBOL_EXTENSIONS = YES;
				CLANG_ANALYZER_NONNULL = YES;
				CLANG_ANALYZER_NUMBER_OBJECT_CONVERSION = YES_AGGRESSIVE;
				CLANG_CXX_LANGUAGE_STANDARD = "gnu++20";
				CLANG_ENABLE_MODULES = YES;
				CLANG_ENABLE_OBJC_ARC = YES;
				CLANG_ENABLE_OBJC_WEAK = YES;
				CLANG_WARN_BLOCK_CAPTURE_AUTORELEASING = YES;
				CLANG_WARN_BOOL_CONVERSION = YES;
				CLANG_WARN_COMMA = YES;
				CLANG_WARN_CONSTANT_CONVERSION = YES;
				CLANG_WARN_DEPRECATED_OBJC_IMPLEMENTATIONS = YES;
				CLANG_WARN_DIRECT_OBJC_ISA_USAGE = YES_ERROR;
				CLANG_WARN_DOCUMENTATION_COMMENTS = YES;
				CLANG_WARN_EMPTY_BODY = YES;
				CLANG_WARN_ENUM_CONVERSION = YES;
				CLANG_WARN_INFINITE_RECURSION = YES;
				CLANG_WARN_INT_CONVERSION = YES;
				CLANG_WARN_NON_LITERAL_NULL_CONVERSION = YES;
				CLANG_WARN_OBJC_IMPLICIT_RETAIN_SELF = YES;
				CLANG_WARN_OBJC_LITERAL_CONVERSION = YES;
				CLANG_WARN_OBJC_ROOT_CLASS = YES_ERROR;
				CLANG_WARN_QUOTED_INCLUDE_IN_FRAMEWORK_HEADER = YES;
				CLANG_WARN_RANGE_LOOP_ANALYSIS = YES;
				CLANG_WARN_STRICT_PROTOTYPES = YES;
				CLANG_WARN_SUSPICIOUS_MOVE = YES;
				CLANG_WARN_UNGUARDED_AVAILABILITY = YES_AGGRESSIVE;
				CLANG_WARN_UNREACHABLE_CODE = YES;
				CLANG_WARN__DUPLICATE_METHOD_MATCH = YES;
				COPY_PHASE_STRIP = NO;
				DEAD_CODE_STRIPPING = YES;
				DEBUG_INFORMATION_FORMAT = "dwarf-with-dsym";
				ENABLE_NS_ASSERTIONS = NO;
				ENABLE_STRICT_OBJC_MSGSEND = YES;
				ENABLE_USER_SCRIPT_SANDBOXING = YES;
				GCC_C_LANGUAGE_STANDARD = gnu17;
				GCC_NO_COMMON_BLOCKS = YES;
				GCC_WARN_64_TO_32_BIT_CONVERSION = YES;
				GCC_WARN_ABOUT_RETURN_TYPE = YES_ERROR;
				GCC_WARN_UNDECLARED_SELECTOR = YES;
				GCC_WARN_UNINITIALIZED_AUTOS = YES_AGGRESSIVE;
				GCC_WARN_UNUSED_FUNCTION = YES;
				GCC_WARN_UNUSED_VARIABLE = YES;
				IPHONEOS_DEPLOYMENT_TARGET = 18.0;
				LOCALIZATION_PREFERS_STRING_CATALOGS = YES;
				MTL_ENABLE_DEBUG_INFO = NO;
				MTL_FAST_MATH = YES;
				SWIFT_COMPILATION_MODE = wholemodule;
			};
			name = Release;
		};
		228B58F62A93D0D30014EEF1 /* Debug */ = {
			isa = XCBuildConfiguration;
			buildSettings = {
				ASSETCATALOG_COMPILER_APPICON_NAME = AppIcon;
				ASSETCATALOG_COMPILER_GLOBAL_ACCENT_COLOR_NAME = AccentColor;
				CODE_SIGN_ENTITLEMENTS = AsyncCoreBluetoothExample/AsyncCoreBluetoothExample.entitlements;
				CODE_SIGN_STYLE = Automatic;
				CURRENT_PROJECT_VERSION = 1;
				DEAD_CODE_STRIPPING = YES;
				DEVELOPMENT_ASSET_PATHS = "\"AsyncCoreBluetoothExample/Preview Content\"";
				DEVELOPMENT_TEAM = 7GT6EK8D4J;
				ENABLE_HARDENED_RUNTIME = YES;
				ENABLE_PREVIEWS = YES;
				GENERATE_INFOPLIST_FILE = YES;
				INFOPLIST_KEY_NSBluetoothAlwaysUsageDescription = "This app uses ble";
				"INFOPLIST_KEY_UIApplicationSceneManifest_Generation[sdk=iphoneos*]" = YES;
				"INFOPLIST_KEY_UIApplicationSceneManifest_Generation[sdk=iphonesimulator*]" = YES;
				"INFOPLIST_KEY_UIApplicationSupportsIndirectInputEvents[sdk=iphoneos*]" = YES;
				"INFOPLIST_KEY_UIApplicationSupportsIndirectInputEvents[sdk=iphonesimulator*]" = YES;
				"INFOPLIST_KEY_UILaunchScreen_Generation[sdk=iphoneos*]" = YES;
				"INFOPLIST_KEY_UILaunchScreen_Generation[sdk=iphonesimulator*]" = YES;
				"INFOPLIST_KEY_UIStatusBarStyle[sdk=iphoneos*]" = UIStatusBarStyleDefault;
				"INFOPLIST_KEY_UIStatusBarStyle[sdk=iphonesimulator*]" = UIStatusBarStyleDefault;
				INFOPLIST_KEY_UISupportedInterfaceOrientations_iPad = "UIInterfaceOrientationPortrait UIInterfaceOrientationPortraitUpsideDown UIInterfaceOrientationLandscapeLeft UIInterfaceOrientationLandscapeRight";
				INFOPLIST_KEY_UISupportedInterfaceOrientations_iPhone = "UIInterfaceOrientationPortrait UIInterfaceOrientationLandscapeLeft UIInterfaceOrientationLandscapeRight";
				IPHONEOS_DEPLOYMENT_TARGET = 18.0;
				LD_RUNPATH_SEARCH_PATHS = "@executable_path/Frameworks";
				"LD_RUNPATH_SEARCH_PATHS[sdk=macosx*]" = "@executable_path/../Frameworks";
				MACOSX_DEPLOYMENT_TARGET = 15.0;
				MARKETING_VERSION = 1.0;
				PRODUCT_BUNDLE_IDENTIFIER = "com.meech-ward.AsyncCoreBluetoothExample";
				PRODUCT_NAME = "$(TARGET_NAME)";
				SDKROOT = auto;
				SUPPORTED_PLATFORMS = "iphoneos iphonesimulator macosx";
				SWIFT_EMIT_LOC_STRINGS = YES;
				SWIFT_VERSION = 6.0;
				TARGETED_DEVICE_FAMILY = "1,2";
			};
			name = Debug;
		};
		228B58F72A93D0D30014EEF1 /* Release */ = {
			isa = XCBuildConfiguration;
			buildSettings = {
				ASSETCATALOG_COMPILER_APPICON_NAME = AppIcon;
				ASSETCATALOG_COMPILER_GLOBAL_ACCENT_COLOR_NAME = AccentColor;
				CODE_SIGN_ENTITLEMENTS = AsyncCoreBluetoothExample/AsyncCoreBluetoothExample.entitlements;
				CODE_SIGN_STYLE = Automatic;
				CURRENT_PROJECT_VERSION = 1;
				DEAD_CODE_STRIPPING = YES;
				DEVELOPMENT_ASSET_PATHS = "\"AsyncCoreBluetoothExample/Preview Content\"";
				DEVELOPMENT_TEAM = 7GT6EK8D4J;
				ENABLE_HARDENED_RUNTIME = YES;
				ENABLE_PREVIEWS = YES;
				GENERATE_INFOPLIST_FILE = YES;
				INFOPLIST_KEY_NSBluetoothAlwaysUsageDescription = "This app uses ble";
				"INFOPLIST_KEY_UIApplicationSceneManifest_Generation[sdk=iphoneos*]" = YES;
				"INFOPLIST_KEY_UIApplicationSceneManifest_Generation[sdk=iphonesimulator*]" = YES;
				"INFOPLIST_KEY_UIApplicationSupportsIndirectInputEvents[sdk=iphoneos*]" = YES;
				"INFOPLIST_KEY_UIApplicationSupportsIndirectInputEvents[sdk=iphonesimulator*]" = YES;
				"INFOPLIST_KEY_UILaunchScreen_Generation[sdk=iphoneos*]" = YES;
				"INFOPLIST_KEY_UILaunchScreen_Generation[sdk=iphonesimulator*]" = YES;
				"INFOPLIST_KEY_UIStatusBarStyle[sdk=iphoneos*]" = UIStatusBarStyleDefault;
				"INFOPLIST_KEY_UIStatusBarStyle[sdk=iphonesimulator*]" = UIStatusBarStyleDefault;
				INFOPLIST_KEY_UISupportedInterfaceOrientations_iPad = "UIInterfaceOrientationPortrait UIInterfaceOrientationPortraitUpsideDown UIInterfaceOrientationLandscapeLeft UIInterfaceOrientationLandscapeRight";
				INFOPLIST_KEY_UISupportedInterfaceOrientations_iPhone = "UIInterfaceOrientationPortrait UIInterfaceOrientationLandscapeLeft UIInterfaceOrientationLandscapeRight";
				IPHONEOS_DEPLOYMENT_TARGET = 18.0;
				LD_RUNPATH_SEARCH_PATHS = "@executable_path/Frameworks";
				"LD_RUNPATH_SEARCH_PATHS[sdk=macosx*]" = "@executable_path/../Frameworks";
				MACOSX_DEPLOYMENT_TARGET = 15.0;
				MARKETING_VERSION = 1.0;
				PRODUCT_BUNDLE_IDENTIFIER = "com.meech-ward.AsyncCoreBluetoothExample";
				PRODUCT_NAME = "$(TARGET_NAME)";
				SDKROOT = auto;
				SUPPORTED_PLATFORMS = "iphoneos iphonesimulator macosx";
				SWIFT_EMIT_LOC_STRINGS = YES;
				SWIFT_VERSION = 6.0;
				TARGETED_DEVICE_FAMILY = "1,2";
			};
			name = Release;
		};
		228B58F92A93D0D30014EEF1 /* Debug */ = {
			isa = XCBuildConfiguration;
			buildSettings = {
				BUNDLE_LOADER = "$(TEST_HOST)";
				CODE_SIGN_STYLE = Automatic;
				CURRENT_PROJECT_VERSION = 1;
				DEAD_CODE_STRIPPING = YES;
				DEVELOPMENT_TEAM = 7GT6EK8D4J;
				GENERATE_INFOPLIST_FILE = YES;
				IPHONEOS_DEPLOYMENT_TARGET = 17.0;
				MACOSX_DEPLOYMENT_TARGET = 13.4;
				MARKETING_VERSION = 1.0;
				PRODUCT_BUNDLE_IDENTIFIER = "com.meech-ward.AsyncCoreBluetoothExampleTests";
				PRODUCT_NAME = "$(TARGET_NAME)";
				SDKROOT = auto;
				SUPPORTED_PLATFORMS = "iphoneos iphonesimulator macosx";
				SWIFT_EMIT_LOC_STRINGS = NO;
				SWIFT_VERSION = 5.0;
				TARGETED_DEVICE_FAMILY = "1,2";
				TEST_HOST = "$(BUILT_PRODUCTS_DIR)/AsyncCoreBluetoothExample.app/$(BUNDLE_EXECUTABLE_FOLDER_PATH)/AsyncCoreBluetoothExample";
			};
			name = Debug;
		};
		228B58FA2A93D0D30014EEF1 /* Release */ = {
			isa = XCBuildConfiguration;
			buildSettings = {
				BUNDLE_LOADER = "$(TEST_HOST)";
				CODE_SIGN_STYLE = Automatic;
				CURRENT_PROJECT_VERSION = 1;
				DEAD_CODE_STRIPPING = YES;
				DEVELOPMENT_TEAM = 7GT6EK8D4J;
				GENERATE_INFOPLIST_FILE = YES;
				IPHONEOS_DEPLOYMENT_TARGET = 17.0;
				MACOSX_DEPLOYMENT_TARGET = 13.4;
				MARKETING_VERSION = 1.0;
				PRODUCT_BUNDLE_IDENTIFIER = "com.meech-ward.AsyncCoreBluetoothExampleTests";
				PRODUCT_NAME = "$(TARGET_NAME)";
				SDKROOT = auto;
				SUPPORTED_PLATFORMS = "iphoneos iphonesimulator macosx";
				SWIFT_EMIT_LOC_STRINGS = NO;
				SWIFT_VERSION = 5.0;
				TARGETED_DEVICE_FAMILY = "1,2";
				TEST_HOST = "$(BUILT_PRODUCTS_DIR)/AsyncCoreBluetoothExample.app/$(BUNDLE_EXECUTABLE_FOLDER_PATH)/AsyncCoreBluetoothExample";
			};
			name = Release;
		};
		228B58FC2A93D0D30014EEF1 /* Debug */ = {
			isa = XCBuildConfiguration;
			buildSettings = {
				CODE_SIGN_STYLE = Automatic;
				CURRENT_PROJECT_VERSION = 1;
				DEAD_CODE_STRIPPING = YES;
				DEVELOPMENT_TEAM = 7GT6EK8D4J;
				GENERATE_INFOPLIST_FILE = YES;
				IPHONEOS_DEPLOYMENT_TARGET = 17.0;
				MACOSX_DEPLOYMENT_TARGET = 13.4;
				MARKETING_VERSION = 1.0;
				PRODUCT_BUNDLE_IDENTIFIER = "com.meech-ward.AsyncCoreBluetoothExampleUITests";
				PRODUCT_NAME = "$(TARGET_NAME)";
				SDKROOT = auto;
				SUPPORTED_PLATFORMS = "iphoneos iphonesimulator macosx";
				SWIFT_EMIT_LOC_STRINGS = NO;
				SWIFT_VERSION = 5.0;
				TARGETED_DEVICE_FAMILY = "1,2";
				TEST_TARGET_NAME = AsyncCoreBluetoothExample;
			};
			name = Debug;
		};
		228B58FD2A93D0D30014EEF1 /* Release */ = {
			isa = XCBuildConfiguration;
			buildSettings = {
				CODE_SIGN_STYLE = Automatic;
				CURRENT_PROJECT_VERSION = 1;
				DEAD_CODE_STRIPPING = YES;
				DEVELOPMENT_TEAM = 7GT6EK8D4J;
				GENERATE_INFOPLIST_FILE = YES;
				IPHONEOS_DEPLOYMENT_TARGET = 17.0;
				MACOSX_DEPLOYMENT_TARGET = 13.4;
				MARKETING_VERSION = 1.0;
				PRODUCT_BUNDLE_IDENTIFIER = "com.meech-ward.AsyncCoreBluetoothExampleUITests";
				PRODUCT_NAME = "$(TARGET_NAME)";
				SDKROOT = auto;
				SUPPORTED_PLATFORMS = "iphoneos iphonesimulator macosx";
				SWIFT_EMIT_LOC_STRINGS = NO;
				SWIFT_VERSION = 5.0;
				TARGETED_DEVICE_FAMILY = "1,2";
				TEST_TARGET_NAME = AsyncCoreBluetoothExample;
			};
			name = Release;
		};
/* End XCBuildConfiguration section */

/* Begin XCConfigurationList section */
		228B58CB2A93D0D10014EEF1 /* Build configuration list for PBXProject "AsyncCoreBluetoothExample" */ = {
			isa = XCConfigurationList;
			buildConfigurations = (
				228B58F32A93D0D30014EEF1 /* Debug */,
				228B58F42A93D0D30014EEF1 /* Release */,
			);
			defaultConfigurationIsVisible = 0;
			defaultConfigurationName = Release;
		};
		228B58F52A93D0D30014EEF1 /* Build configuration list for PBXNativeTarget "AsyncCoreBluetoothExample" */ = {
			isa = XCConfigurationList;
			buildConfigurations = (
				228B58F62A93D0D30014EEF1 /* Debug */,
				228B58F72A93D0D30014EEF1 /* Release */,
			);
			defaultConfigurationIsVisible = 0;
			defaultConfigurationName = Release;
		};
		228B58F82A93D0D30014EEF1 /* Build configuration list for PBXNativeTarget "AsyncCoreBluetoothExampleTests" */ = {
			isa = XCConfigurationList;
			buildConfigurations = (
				228B58F92A93D0D30014EEF1 /* Debug */,
				228B58FA2A93D0D30014EEF1 /* Release */,
			);
			defaultConfigurationIsVisible = 0;
			defaultConfigurationName = Release;
		};
		228B58FB2A93D0D30014EEF1 /* Build configuration list for PBXNativeTarget "AsyncCoreBluetoothExampleUITests" */ = {
			isa = XCConfigurationList;
			buildConfigurations = (
				228B58FC2A93D0D30014EEF1 /* Debug */,
				228B58FD2A93D0D30014EEF1 /* Release */,
			);
			defaultConfigurationIsVisible = 0;
			defaultConfigurationName = Release;
		};
/* End XCConfigurationList section */

/* Begin XCLocalSwiftPackageReference section */
		228B58FE2A93D11E0014EEF1 /* XCLocalSwiftPackageReference "../AsyncCoreBluetooth" */ = {
			isa = XCLocalSwiftPackageReference;
			relativePath = ../AsyncCoreBluetooth;
		};
/* End XCLocalSwiftPackageReference section */

/* Begin XCRemoteSwiftPackageReference section */
		2245C4352D20F104006A83BE /* XCRemoteSwiftPackageReference "swift-might-fail" */ = {
			isa = XCRemoteSwiftPackageReference;
			repositoryURL = "https://github.com/might-fail/swift-might-fail.git";
			requirement = {
				kind = upToNextMajorVersion;
				minimumVersion = 0.1.0;
			};
		};
		228B59072A96936A0014EEF1 /* XCRemoteSwiftPackageReference "swift-collections" */ = {
			isa = XCRemoteSwiftPackageReference;
			repositoryURL = "https://github.com/apple/swift-collections.git";
			requirement = {
				kind = upToNextMajorVersion;
				minimumVersion = 1.0.4;
			};
		};
/* End XCRemoteSwiftPackageReference section */

/* Begin XCSwiftPackageProductDependency section */
		2245C4362D20F10B006A83BE /* MightFail */ = {
			isa = XCSwiftPackageProductDependency;
			package = 2245C4352D20F104006A83BE /* XCRemoteSwiftPackageReference "swift-might-fail" */;
			productName = MightFail;
		};
		2245C4382D210632006A83BE /* DequeModule */ = {
			isa = XCSwiftPackageProductDependency;
			package = 228B59072A96936A0014EEF1 /* XCRemoteSwiftPackageReference "swift-collections" */;
			productName = DequeModule;
		};
		228B58FF2A93D11E0014EEF1 /* AsyncCoreBluetooth */ = {
			isa = XCSwiftPackageProductDependency;
			productName = AsyncCoreBluetooth;
		};
		228B59082A96936A0014EEF1 /* OrderedCollections */ = {
			isa = XCSwiftPackageProductDependency;
			package = 228B59072A96936A0014EEF1 /* XCRemoteSwiftPackageReference "swift-collections" */;
			productName = OrderedCollections;
		};
/* End XCSwiftPackageProductDependency section */
	};
	rootObject = 228B58C82A93D0D10014EEF1 /* Project object */;
}
